{
  "version": 4,
  "terraform_version": "1.3.8",
  "serial": 30,
  "lineage": "683de0aa-4c13-8d15-627b-a5d29cdc314e",
  "outputs": {},
  "resources": [
    {
      "mode": "data",
      "type": "template_file",
      "name": "user_data",
      "provider": "provider[\"registry.terraform.io/hashicorp/template\"]",
      "instances": [
        {
          "schema_version": 0,
          "attributes": {
            "filename": null,
            "id": "7d2aa06d0fc2c8197f75039e20bdf1f15ee36d11357a57c91878693fca3356a3",
            "rendered": "#cloud-config\n# vim: syntax=yaml\nssh_pwauth: True\nchpasswd:\n  list: |\n     root:password\n  expire: False\n",
            "template": "#cloud-config\n# vim: syntax=yaml\nssh_pwauth: True\nchpasswd:\n  list: |\n     root:password\n  expire: False\n",
            "vars": null
          },
          "sensitive_attributes": []
        }
      ]
    },
    {
      "mode": "managed",
      "type": "libvirt_cloudinit_disk",
      "name": "commoninit",
      "provider": "provider[\"registry.terraform.io/dmacvicar/libvirt\"]",
      "instances": [
        {
          "schema_version": 0,
          "attributes": {
            "id": "/var/lib/libvirt/images/commoninit.iso;09ad7d5c-9659-4ca1-9a64-3bd39f8fec10",
            "meta_data": "",
            "name": "commoninit.iso",
            "network_config": "",
            "pool": "default",
            "user_data": "#cloud-config\n# vim: syntax=yaml\nssh_pwauth: True\nchpasswd:\n  list: |\n     root:password\n  expire: False\n"
          },
          "sensitive_attributes": [],
          "private": "bnVsbA==",
          "dependencies": [
            "data.template_file.user_data"
          ]
        }
      ]
    },
    {
      "mode": "managed",
      "type": "libvirt_domain",
      "name": "demo",
      "provider": "provider[\"registry.terraform.io/dmacvicar/libvirt\"]",
      "instances": [
        {
          "schema_version": 0,
          "attributes": {
            "arch": "x86_64",
            "autostart": false,
            "boot_device": [],
            "cloudinit": "/var/lib/libvirt/images/commoninit.iso;09ad7d5c-9659-4ca1-9a64-3bd39f8fec10",
            "cmdline": null,
            "console": [],
            "coreos_ignition": null,
            "cpu": [
              {
                "mode": "host-passthrough"
              }
            ],
            "description": "",
            "disk": [
              {
                "block_device": "",
                "file": "",
                "scsi": false,
                "url": "",
                "volume_id": "/var/lib/libvirt/images/provisioner_fedora.qcow2",
                "wwn": ""
              }
            ],
            "emulator": "/usr/bin/qemu-system-x86_64",
            "filesystem": [],
            "firmware": null,
            "fw_cfg_name": "opt/com.coreos/config",
            "graphics": [
              {
                "autoport": true,
                "listen_address": "127.0.0.1",
                "listen_type": "none",
                "type": "spice",
                "websocket": 0
              }
            ],
            "id": "cd945de2-b3f0-4b6b-aae9-3100f2828e4e",
            "initrd": "",
            "kernel": "",
            "machine": "pc",
            "memory": 4096,
            "metadata": null,
            "name": "demo",
            "network_interface": [
              {
                "addresses": [],
                "bridge": "",
                "hostname": "",
                "mac": "52:54:00:7A:FD:BC",
                "macvtap": "",
                "network_id": "5c4b6355-2a50-4b62-bdbf-dc65248c5eff",
                "network_name": "default",
                "passthrough": "",
                "vepa": "",
                "wait_for_lease": false
              }
            ],
            "nvram": [],
            "qemu_agent": false,
            "running": true,
            "timeouts": null,
            "tpm": [],
            "vcpu": 4,
            "video": [
              {
                "type": "virtio"
              }
            ],
            "xml": []
          },
          "sensitive_attributes": [],
          "private": "eyJlMmJmYjczMC1lY2FhLTExZTYtOGY4OC0zNDM2M2JjN2M0YzAiOnsiY3JlYXRlIjozMDAwMDAwMDAwMDB9fQ==",
          "dependencies": [
            "data.template_file.user_data",
            "libvirt_cloudinit_disk.commoninit",
            "libvirt_volume.fedora_base_img",
            "libvirt_volume.system_disk"
          ]
        }
      ]
    },
    {
      "mode": "managed",
      "type": "libvirt_volume",
      "name": "fedora_base_img",
      "provider": "provider[\"registry.terraform.io/dmacvicar/libvirt\"]",
      "instances": [
        {
          "schema_version": 0,
          "attributes": {
            "base_volume_id": null,
            "base_volume_name": null,
            "base_volume_pool": null,
            "format": "qcow2",
            "id": "/var/lib/libvirt/images/Fedora-Cloud-Base-37-1.7.x86_64.qcow2",
            "name": "Fedora-Cloud-Base-37-1.7.x86_64.qcow2",
            "pool": "default",
            "size": 5368709120,
            "source": "https://download.fedoraproject.org/pub/fedora/linux/releases/37/Cloud/x86_64/images/Fedora-Cloud-Base-37-1.7.x86_64.qcow2",
            "xml": []
          },
          "sensitive_attributes": [],
          "private": "bnVsbA=="
        }
      ]
    },
    {
      "mode": "managed",
      "type": "libvirt_volume",
      "name": "system_disk",
      "provider": "provider[\"registry.terraform.io/dmacvicar/libvirt\"]",
      "instances": [
        {
          "schema_version": 0,
          "attributes": {
            "base_volume_id": "/var/lib/libvirt/images/Fedora-Cloud-Base-37-1.7.x86_64.qcow2",
            "base_volume_name": null,
            "base_volume_pool": null,
            "format": "qcow2",
            "id": "/var/lib/libvirt/images/provisioner_fedora.qcow2",
            "name": "provisioner_fedora.qcow2",
            "pool": "default",
            "size": 5368709120,
            "source": null,
            "xml": []
          },
          "sensitive_attributes": [],
          "private": "bnVsbA==",
          "dependencies": [
            "libvirt_volume.fedora_base_img"
          ]
        }
      ]
    }
  ],
  "check_results": null
}
